
Microsoft Visual Studio Solution File, Format Version 12.00
# Visual Studio Version 16
VisualStudioVersion = 16.0.30114.105
MinimumVisualStudioVersion = 10.0.40219.1
Project("{FAE04EC0-301F-11D3-BF4B-00C04F79EFBC}") = "PokeUI", "PokeUI\PokeUI.csproj", "{20EB61A0-6979-468F-8618-73ECEF9384A0}"
EndProject
Project("{FAE04EC0-301F-11D3-BF4B-00C04F79EFBC}") = "PokeModel", "PokeModel\PokeModel.csproj", "{F66D4791-EF42-426A-804B-303B0FF26125}"
EndProject
Global
	GlobalSection(SolutionConfigurationPlatforms) = preSolution
		Debug|Any CPU = Debug|Any CPU
		Release|Any CPU = Release|Any CPU
	EndGlobalSection
	GlobalSection(SolutionProperties) = preSolution
		HideSolutionNode = FALSE
	EndGlobalSection
	GlobalSection(ProjectConfigurationPlatforms) = postSolution
		{20EB61A0-6979-468F-8618-73ECEF9384A0}.Debug|Any CPU.ActiveCfg = Debug|Any CPU
		{20EB61A0-6979-468F-8618-73ECEF9384A0}.Debug|Any CPU.Build.0 = Debug|Any CPU
		{20EB61A0-6979-468F-8618-73ECEF9384A0}.Release|Any CPU.ActiveCfg = Release|Any CPU
		{20EB61A0-6979-468F-8618-73ECEF9384A0}.Release|Any CPU.Build.0 = Release|Any CPU
		{F66D4791-EF42-426A-804B-303B0FF26125}.Debug|Any CPU.ActiveCfg = Debug|Any CPU
		{F66D4791-EF42-426A-804B-303B0FF26125}.Debug|Any CPU.Build.0 = Debug|Any CPU
		{F66D4791-EF42-426A-804B-303B0FF26125}.Release|Any CPU.ActiveCfg = Release|Any CPU
		{F66D4791-EF42-426A-804B-303B0FF26125}.Release|Any CPU.Build.0 = Release|Any CPU
	EndGlobalSection
EndGlobal
